
Microsoft Visual Studio Solution File, Format Version 12.00
# Visual Studio Version 17
VisualStudioVersion = 17.6.33815.320
MinimumVisualStudioVersion = 10.0.40219.1
Project("{2150E333-8FDC-42A3-9474-1A3956D46DE8}") = "src", "src", "{FCBBB27F-28E4-41A6-B6FD-06939723EDF8}"
EndProject
Project("{2150E333-8FDC-42A3-9474-1A3956D46DE8}") = "Api", "Api", "{9337AC69-618D-4A40-97C8-F6E1CC46536B}"
EndProject
Project("{2150E333-8FDC-42A3-9474-1A3956D46DE8}") = "Core", "Core", "{15EBCEBE-3701-4A2E-B08D-1E605CEDF147}"
EndProject
Project("{2150E333-8FDC-42A3-9474-1A3956D46DE8}") = "Infraestructure", "Infraestructure", "{E0EDEDAF-D2A7-4C0B-902A-2DBC2F4AEC23}"
EndProject
Project("{FAE04EC0-301F-11D3-BF4B-00C04F79EFBC}") = "Domain", "Domain\Domain.csproj", "{5C0A55FC-F62B-4A68-A344-51CBE952F04E}"
EndProject
Project("{FAE04EC0-301F-11D3-BF4B-00C04F79EFBC}") = "Application", "Application\Application.csproj", "{5C18B0AB-2620-470F-B829-C34B70274104}"
EndProject
Project("{FAE04EC0-301F-11D3-BF4B-00C04F79EFBC}") = "API", "API\API.csproj", "{A3328D7F-87D7-4A1F-ABAB-B1F879D4138C}"
EndProject
Project("{FAE04EC0-301F-11D3-BF4B-00C04F79EFBC}") = "Persistence", "Persistence\Persistence.csproj", "{102ED8B3-9A9F-4F92-96E5-B035A71A43D9}"
EndProject
Global
	GlobalSection(SolutionConfigurationPlatforms) = preSolution
		Debug|Any CPU = Debug|Any CPU
		Release|Any CPU = Release|Any CPU
	EndGlobalSection
	GlobalSection(ProjectConfigurationPlatforms) = postSolution
		{5C0A55FC-F62B-4A68-A344-51CBE952F04E}.Debug|Any CPU.ActiveCfg = Debug|Any CPU
		{5C0A55FC-F62B-4A68-A344-51CBE952F04E}.Debug|Any CPU.Build.0 = Debug|Any CPU
		{5C0A55FC-F62B-4A68-A344-51CBE952F04E}.Release|Any CPU.ActiveCfg = Release|Any CPU
		{5C0A55FC-F62B-4A68-A344-51CBE952F04E}.Release|Any CPU.Build.0 = Release|Any CPU
		{5C18B0AB-2620-470F-B829-C34B70274104}.Debug|Any CPU.ActiveCfg = Debug|Any CPU
		{5C18B0AB-2620-470F-B829-C34B70274104}.Debug|Any CPU.Build.0 = Debug|Any CPU
		{5C18B0AB-2620-470F-B829-C34B70274104}.Release|Any CPU.ActiveCfg = Release|Any CPU
		{5C18B0AB-2620-470F-B829-C34B70274104}.Release|Any CPU.Build.0 = Release|Any CPU
		{A3328D7F-87D7-4A1F-ABAB-B1F879D4138C}.Debug|Any CPU.ActiveCfg = Debug|Any CPU
		{A3328D7F-87D7-4A1F-ABAB-B1F879D4138C}.Debug|Any CPU.Build.0 = Debug|Any CPU
		{A3328D7F-87D7-4A1F-ABAB-B1F879D4138C}.Release|Any CPU.ActiveCfg = Release|Any CPU
		{A3328D7F-87D7-4A1F-ABAB-B1F879D4138C}.Release|Any CPU.Build.0 = Release|Any CPU
		{102ED8B3-9A9F-4F92-96E5-B035A71A43D9}.Debug|Any CPU.ActiveCfg = Debug|Any CPU
		{102ED8B3-9A9F-4F92-96E5-B035A71A43D9}.Debug|Any CPU.Build.0 = Debug|Any CPU
		{102ED8B3-9A9F-4F92-96E5-B035A71A43D9}.Release|Any CPU.ActiveCfg = Release|Any CPU
		{102ED8B3-9A9F-4F92-96E5-B035A71A43D9}.Release|Any CPU.Build.0 = Release|Any CPU
	EndGlobalSection
	GlobalSection(SolutionProperties) = preSolution
		HideSolutionNode = FALSE
	EndGlobalSection
	GlobalSection(NestedProjects) = preSolution
		{9337AC69-618D-4A40-97C8-F6E1CC46536B} = {FCBBB27F-28E4-41A6-B6FD-06939723EDF8}
		{15EBCEBE-3701-4A2E-B08D-1E605CEDF147} = {FCBBB27F-28E4-41A6-B6FD-06939723EDF8}
		{E0EDEDAF-D2A7-4C0B-902A-2DBC2F4AEC23} = {FCBBB27F-28E4-41A6-B6FD-06939723EDF8}
		{5C0A55FC-F62B-4A68-A344-51CBE952F04E} = {15EBCEBE-3701-4A2E-B08D-1E605CEDF147}
		{5C18B0AB-2620-470F-B829-C34B70274104} = {15EBCEBE-3701-4A2E-B08D-1E605CEDF147}
		{A3328D7F-87D7-4A1F-ABAB-B1F879D4138C} = {9337AC69-618D-4A40-97C8-F6E1CC46536B}
		{102ED8B3-9A9F-4F92-96E5-B035A71A43D9} = {E0EDEDAF-D2A7-4C0B-902A-2DBC2F4AEC23}
	EndGlobalSection
	GlobalSection(ExtensibilityGlobals) = postSolution
		SolutionGuid = {88F44F19-448F-4BD2-8D88-C80B59F539A8}
	EndGlobalSection
EndGlobal
